
Microsoft Visual Studio Solution File, Format Version 12.00
# Visual Studio Version 17
VisualStudioVersion = 17.4.33205.214
MinimumVisualStudioVersion = 10.0.40219.1
Project("{8BC9CEB8-8B4A-11D0-8D11-00A0C91BC942}") = "OpenString", "VisualStudioSolution\OpenString.vcxproj", "{16BBF1B5-AF6E-4B3D-A507-1C24CB0E3285}"
EndProject
Project("{8BC9CEB8-8B4A-11D0-8D11-00A0C91BC942}") = "test", "VisualStudioSolution\test.vcxproj", "{5AEA09DB-474B-4770-AEF6-22F4AF32EDC3}"
EndProject
Project("{2150E333-8FDC-42A3-9474-1A3956D46DE8}") = "Visualizer", "Visualizer", "{69C45B19-D146-4B14-862B-2C41E82374E0}"
	ProjectSection(SolutionItems) = preProject
		OpenString.natvis = OpenString.natvis
	EndProjectSection
EndProject
Global
	GlobalSection(SolutionConfigurationPlatforms) = preSolution
		Debug|x64 = Debug|x64
		Release|x64 = Release|x64
	EndGlobalSection
	GlobalSection(ProjectConfigurationPlatforms) = postSolution
		{16BBF1B5-AF6E-4B3D-A507-1C24CB0E3285}.Debug|x64.ActiveCfg = Debug|x64
		{16BBF1B5-AF6E-4B3D-A507-1C24CB0E3285}.Debug|x64.Build.0 = Debug|x64
		{16BBF1B5-AF6E-4B3D-A507-1C24CB0E3285}.Release|x64.ActiveCfg = Release|x64
		{16BBF1B5-AF6E-4B3D-A507-1C24CB0E3285}.Release|x64.Build.0 = Release|x64
		{5AEA09DB-474B-4770-AEF6-22F4AF32EDC3}.Debug|x64.ActiveCfg = Debug|x64
		{5AEA09DB-474B-4770-AEF6-22F4AF32EDC3}.Debug|x64.Build.0 = Debug|x64
		{5AEA09DB-474B-4770-AEF6-22F4AF32EDC3}.Release|x64.ActiveCfg = Release|x64
		{5AEA09DB-474B-4770-AEF6-22F4AF32EDC3}.Release|x64.Build.0 = Release|x64
	EndGlobalSection
	GlobalSection(SolutionProperties) = preSolution
		HideSolutionNode = FALSE
	EndGlobalSection
	GlobalSection(ExtensibilityGlobals) = postSolution
		SolutionGuid = {CF1AD042-3A9F-47DD-B4F0-51ED3471675B}
	EndGlobalSection
EndGlobal
